
Microsoft Visual Studio Solution File, Format Version 12.00
# Visual Studio 14
VisualStudioVersion = 14.0.25123.0
MinimumVisualStudioVersion = 10.0.40219.1
Project("{FAE04EC0-301F-11D3-BF4B-00C04F79EFBC}") = "Queue", "Queue\Queue.csproj", "{5CBF6E9F-9058-4C32-9A70-93A02EEF5E59}"
EndProject
Project("{FAE04EC0-301F-11D3-BF4B-00C04F79EFBC}") = "QueueTests", "QueueTests\QueueTests.csproj", "{273FF542-BF69-4021-8DDB-BD5A2AF6CFC3}"
EndProject
Project("{FAE04EC0-301F-11D3-BF4B-00C04F79EFBC}") = "QueueRandomTesting", "QueueRandomTesting\QueueRandomTesting.csproj", "{70FD8687-2F10-48B9-81EE-CD16558C94EE}"
EndProject
Global
	GlobalSection(SolutionConfigurationPlatforms) = preSolution
		Debug|Any CPU = Debug|Any CPU
		Release|Any CPU = Release|Any CPU
	EndGlobalSection
	GlobalSection(ProjectConfigurationPlatforms) = postSolution
		{5CBF6E9F-9058-4C32-9A70-93A02EEF5E59}.Debug|Any CPU.ActiveCfg = Debug|Any CPU
		{5CBF6E9F-9058-4C32-9A70-93A02EEF5E59}.Debug|Any CPU.Build.0 = Debug|Any CPU
		{5CBF6E9F-9058-4C32-9A70-93A02EEF5E59}.Release|Any CPU.ActiveCfg = Release|Any CPU
		{5CBF6E9F-9058-4C32-9A70-93A02EEF5E59}.Release|Any CPU.Build.0 = Release|Any CPU
		{273FF542-BF69-4021-8DDB-BD5A2AF6CFC3}.Debug|Any CPU.ActiveCfg = Debug|Any CPU
		{273FF542-BF69-4021-8DDB-BD5A2AF6CFC3}.Debug|Any CPU.Build.0 = Debug|Any CPU
		{273FF542-BF69-4021-8DDB-BD5A2AF6CFC3}.Release|Any CPU.ActiveCfg = Release|Any CPU
		{273FF542-BF69-4021-8DDB-BD5A2AF6CFC3}.Release|Any CPU.Build.0 = Release|Any CPU
		{70FD8687-2F10-48B9-81EE-CD16558C94EE}.Debug|Any CPU.ActiveCfg = Debug|Any CPU
		{70FD8687-2F10-48B9-81EE-CD16558C94EE}.Debug|Any CPU.Build.0 = Debug|Any CPU
		{70FD8687-2F10-48B9-81EE-CD16558C94EE}.Release|Any CPU.ActiveCfg = Release|Any CPU
		{70FD8687-2F10-48B9-81EE-CD16558C94EE}.Release|Any CPU.Build.0 = Release|Any CPU
	EndGlobalSection
	GlobalSection(SolutionProperties) = preSolution
		HideSolutionNode = FALSE
	EndGlobalSection
EndGlobal
